
Microsoft Visual Studio Solution File, Format Version 12.00
# Visual Studio Version 17
VisualStudioVersion = 17.10.34818.151
MinimumVisualStudioVersion = 10.0.40219.1
Project("{FAE04EC0-301F-11D3-BF4B-00C04F79EFBC}") = "Lecture4-azure-fn", "Lecture4-azure-fn\Lecture4-azure-fn.csproj", "{E5FC7A5E-987B-4451-A51D-149FEF56BE5D}"
EndProject
Global
	GlobalSection(SolutionConfigurationPlatforms) = preSolution
		Debug|Any CPU = Debug|Any CPU
		Release|Any CPU = Release|Any CPU
	EndGlobalSection
	GlobalSection(ProjectConfigurationPlatforms) = postSolution
		{E5FC7A5E-987B-4451-A51D-149FEF56BE5D}.Debug|Any CPU.ActiveCfg = Debug|Any CPU
		{E5FC7A5E-987B-4451-A51D-149FEF56BE5D}.Debug|Any CPU.Build.0 = Debug|Any CPU
		{E5FC7A5E-987B-4451-A51D-149FEF56BE5D}.Release|Any CPU.ActiveCfg = Release|Any CPU
		{E5FC7A5E-987B-4451-A51D-149FEF56BE5D}.Release|Any CPU.Build.0 = Release|Any CPU
	EndGlobalSection
	GlobalSection(SolutionProperties) = preSolution
		HideSolutionNode = FALSE
	EndGlobalSection
	GlobalSection(ExtensibilityGlobals) = postSolution
		SolutionGuid = {AE851A97-0CB5-4E61-9491-82CE1347FE1B}
	EndGlobalSection
EndGlobal
